
Microsoft Visual Studio Solution File, Format Version 12.00
# Visual Studio 2013
VisualStudioVersion = 12.0.31101.0
MinimumVisualStudioVersion = 10.0.40219.1
Project("{8BC9CEB8-8B4A-11D0-8D11-00A0C91BC942}") = "lineCycle", "lineCycle\lineCycle.vcxproj", "{B02BB374-9821-4277-8FA4-C64293C02F06}"
	ProjectSection(ProjectDependencies) = postProject
		{38150343-458B-4731-9BBE-0048A97D2EF3} = {38150343-458B-4731-9BBE-0048A97D2EF3}
		{C406DAEC-0886-4771-8DEA-9D7329B46CC1} = {C406DAEC-0886-4771-8DEA-9D7329B46CC1}
	EndProjectSection
EndProject
Project("{8BC9CEB8-8B4A-11D0-8D11-00A0C91BC942}") = "tinyxml", "tinyxml\tinyxml_lib.vcxproj", "{C406DAEC-0886-4771-8DEA-9D7329B46CC1}"
EndProject
Project("{8BC9CEB8-8B4A-11D0-8D11-00A0C91BC942}") = "pugixml", "pugixml\pugixml.vcxproj", "{38150343-458B-4731-9BBE-0048A97D2EF3}"
EndProject
Project("{8BC9CEB8-8B4A-11D0-8D11-00A0C91BC942}") = "UAC", "UAC\UAC.vcxproj", "{C4F08191-9232-4D14-BE6B-58BCC6662CB6}"
EndProject
Project("{54435603-DBB4-11D2-8724-00A0C9A8B90C}") = "Setup", "Setup\Setup.vdproj", "{43462B87-1868-436B-A7AF-EB3E19FCEA78}"
EndProject
Project("{8BC9CEB8-8B4A-11D0-8D11-00A0C91BC942}") = "configEdit", "configEdit\configEdit.vcxproj", "{468DECCA-24C3-4B7D-891C-BC97C9103578}"
EndProject
Project("{2150E333-8FDC-42A3-9474-1A3956D46DE8}") = "Solution Items", "Solution Items", "{3E7C5684-606C-471C-9998-1353F41B2FE4}"
	ProjectSection(SolutionItems) = preProject
		Performance1.psess = Performance1.psess
		Performance2.psess = Performance2.psess
	EndProjectSection
EndProject
Global
	GlobalSection(SolutionConfigurationPlatforms) = preSolution
		Debug|Win32 = Debug|Win32
		Release|Win32 = Release|Win32
		ReleaseWithSymbol|Win32 = ReleaseWithSymbol|Win32
	EndGlobalSection
	GlobalSection(ProjectConfigurationPlatforms) = postSolution
		{B02BB374-9821-4277-8FA4-C64293C02F06}.Debug|Win32.ActiveCfg = Debug|Win32
		{B02BB374-9821-4277-8FA4-C64293C02F06}.Debug|Win32.Build.0 = Debug|Win32
		{B02BB374-9821-4277-8FA4-C64293C02F06}.Release|Win32.ActiveCfg = Release|Win32
		{B02BB374-9821-4277-8FA4-C64293C02F06}.Release|Win32.Build.0 = Release|Win32
		{B02BB374-9821-4277-8FA4-C64293C02F06}.Release|Win32.Deploy.0 = Release|Win32
		{B02BB374-9821-4277-8FA4-C64293C02F06}.ReleaseWithSymbol|Win32.ActiveCfg = ReleaseWithSymbol|Win32
		{B02BB374-9821-4277-8FA4-C64293C02F06}.ReleaseWithSymbol|Win32.Build.0 = ReleaseWithSymbol|Win32
		{C406DAEC-0886-4771-8DEA-9D7329B46CC1}.Debug|Win32.ActiveCfg = Debug|Win32
		{C406DAEC-0886-4771-8DEA-9D7329B46CC1}.Debug|Win32.Build.0 = Debug|Win32
		{C406DAEC-0886-4771-8DEA-9D7329B46CC1}.Release|Win32.ActiveCfg = Release|Win32
		{C406DAEC-0886-4771-8DEA-9D7329B46CC1}.Release|Win32.Build.0 = Release|Win32
		{C406DAEC-0886-4771-8DEA-9D7329B46CC1}.ReleaseWithSymbol|Win32.ActiveCfg = ReleaseWithSymbol|Win32
		{C406DAEC-0886-4771-8DEA-9D7329B46CC1}.ReleaseWithSymbol|Win32.Build.0 = ReleaseWithSymbol|Win32
		{38150343-458B-4731-9BBE-0048A97D2EF3}.Debug|Win32.ActiveCfg = Debug|Win32
		{38150343-458B-4731-9BBE-0048A97D2EF3}.Debug|Win32.Build.0 = Debug|Win32
		{38150343-458B-4731-9BBE-0048A97D2EF3}.Release|Win32.ActiveCfg = Release|Win32
		{38150343-458B-4731-9BBE-0048A97D2EF3}.Release|Win32.Build.0 = Release|Win32
		{38150343-458B-4731-9BBE-0048A97D2EF3}.Release|Win32.Deploy.0 = Release|Win32
		{38150343-458B-4731-9BBE-0048A97D2EF3}.ReleaseWithSymbol|Win32.ActiveCfg = ReleaseWithSymbol|Win32
		{38150343-458B-4731-9BBE-0048A97D2EF3}.ReleaseWithSymbol|Win32.Build.0 = ReleaseWithSymbol|Win32
		{C4F08191-9232-4D14-BE6B-58BCC6662CB6}.Debug|Win32.ActiveCfg = Debug|Win32
		{C4F08191-9232-4D14-BE6B-58BCC6662CB6}.Debug|Win32.Build.0 = Debug|Win32
		{C4F08191-9232-4D14-BE6B-58BCC6662CB6}.Release|Win32.ActiveCfg = Release|Win32
		{C4F08191-9232-4D14-BE6B-58BCC6662CB6}.Release|Win32.Build.0 = Release|Win32
		{C4F08191-9232-4D14-BE6B-58BCC6662CB6}.ReleaseWithSymbol|Win32.ActiveCfg = ReleaseWithSymbol|Win32
		{C4F08191-9232-4D14-BE6B-58BCC6662CB6}.ReleaseWithSymbol|Win32.Build.0 = ReleaseWithSymbol|Win32
		{43462B87-1868-436B-A7AF-EB3E19FCEA78}.Debug|Win32.ActiveCfg = Debug
		{43462B87-1868-436B-A7AF-EB3E19FCEA78}.Release|Win32.ActiveCfg = Release
		{43462B87-1868-436B-A7AF-EB3E19FCEA78}.ReleaseWithSymbol|Win32.ActiveCfg = Release
		{468DECCA-24C3-4B7D-891C-BC97C9103578}.Debug|Win32.ActiveCfg = Debug|Win32
		{468DECCA-24C3-4B7D-891C-BC97C9103578}.Debug|Win32.Build.0 = Debug|Win32
		{468DECCA-24C3-4B7D-891C-BC97C9103578}.Release|Win32.ActiveCfg = Release|Win32
		{468DECCA-24C3-4B7D-891C-BC97C9103578}.Release|Win32.Build.0 = Release|Win32
		{468DECCA-24C3-4B7D-891C-BC97C9103578}.ReleaseWithSymbol|Win32.ActiveCfg = Release|Win32
		{468DECCA-24C3-4B7D-891C-BC97C9103578}.ReleaseWithSymbol|Win32.Build.0 = Release|Win32
	EndGlobalSection
	GlobalSection(SolutionProperties) = preSolution
		HideSolutionNode = FALSE
	EndGlobalSection
EndGlobal
