
Microsoft Visual Studio Solution File, Format Version 12.00
# Visual Studio 2013
VisualStudioVersion = 12.0.31101.0
MinimumVisualStudioVersion = 10.0.40219.1
Project("{8BC9CEB8-8B4A-11D0-8D11-00A0C91BC942}") = "lineCycle", "lineCycle\lineCycle.vcxproj", "{B02BB374-9821-4277-8FA4-C64293C02F06}"
EndProject
Project("{8BC9CEB8-8B4A-11D0-8D11-00A0C91BC942}") = "tinyxml", "tinyxml\tinyxml_lib.vcxproj", "{C406DAEC-0886-4771-8DEA-9D7329B46CC1}"
EndProject
Project("{8BC9CEB8-8B4A-11D0-8D11-00A0C91BC942}") = "pugixml", "pugixml\pugixml.vcxproj", "{38150343-458B-4731-9BBE-0048A97D2EF3}"
EndProject
Global
	GlobalSection(SolutionConfigurationPlatforms) = preSolution
		Debug|Win32 = Debug|Win32
		Release|Win32 = Release|Win32
	EndGlobalSection
	GlobalSection(ProjectConfigurationPlatforms) = postSolution
		{B02BB374-9821-4277-8FA4-C64293C02F06}.Debug|Win32.ActiveCfg = Debug|Win32
		{B02BB374-9821-4277-8FA4-C64293C02F06}.Debug|Win32.Build.0 = Debug|Win32
		{B02BB374-9821-4277-8FA4-C64293C02F06}.Release|Win32.ActiveCfg = Release|Win32
		{B02BB374-9821-4277-8FA4-C64293C02F06}.Release|Win32.Build.0 = Release|Win32
		{C406DAEC-0886-4771-8DEA-9D7329B46CC1}.Debug|Win32.ActiveCfg = Debug|Win32
		{C406DAEC-0886-4771-8DEA-9D7329B46CC1}.Debug|Win32.Build.0 = Debug|Win32
		{C406DAEC-0886-4771-8DEA-9D7329B46CC1}.Release|Win32.ActiveCfg = Release|Win32
		{C406DAEC-0886-4771-8DEA-9D7329B46CC1}.Release|Win32.Build.0 = Release|Win32
		{38150343-458B-4731-9BBE-0048A97D2EF3}.Debug|Win32.ActiveCfg = Debug|Win32
		{38150343-458B-4731-9BBE-0048A97D2EF3}.Debug|Win32.Build.0 = Debug|Win32
		{38150343-458B-4731-9BBE-0048A97D2EF3}.Release|Win32.ActiveCfg = Release|Win32
		{38150343-458B-4731-9BBE-0048A97D2EF3}.Release|Win32.Build.0 = Release|Win32
	EndGlobalSection
	GlobalSection(SolutionProperties) = preSolution
		HideSolutionNode = FALSE
	EndGlobalSection
	GlobalSection(Performance) = preSolution
		HasPerformanceSessions = true
	EndGlobalSection
EndGlobal
